
Microsoft Visual Studio Solution File, Format Version 12.00
# Visual Studio Version 16
VisualStudioVersion = 16.0.32602.291
MinimumVisualStudioVersion = 10.0.40219.1
Project("{2150E333-8FDC-42A3-9474-1A3956D46DE8}") = "Services", "Services", "{2DA859CF-72A8-4B70-B437-4EDD2E2014E2}"
EndProject
Project("{2150E333-8FDC-42A3-9474-1A3956D46DE8}") = "Catalog", "Catalog", "{CF2AE3C1-CD43-4C2F-A191-B31B154F50CB}"
EndProject
Project("{9A19103F-16F7-4668-BE54-9A1E7A4F7556}") = "Catalog.API", "Services\Catalog\Catalog.API\Catalog.API.csproj", "{08E64E7D-F877-457E-894E-A764461C3468}"
EndProject
Project("{2150E333-8FDC-42A3-9474-1A3956D46DE8}") = "Basket", "Basket", "{7DBC0DE6-4615-445F-A537-056E68DAE712}"
EndProject
Project("{9A19103F-16F7-4668-BE54-9A1E7A4F7556}") = "Basket.API", "Services\Basket\Basket.API\Basket.API.csproj", "{A15C0C5F-3D70-4085-90C1-9EFB51FB4F6F}"
EndProject
Project("{E53339B2-1760-4266-BCC7-CA923CBCF16C}") = "docker-compose", "docker-compose.dcproj", "{12955D50-4A3F-4DE4-95C5-154DAB03AF01}"
EndProject
Global
	GlobalSection(SolutionConfigurationPlatforms) = preSolution
		Debug|Any CPU = Debug|Any CPU
		Release|Any CPU = Release|Any CPU
	EndGlobalSection
	GlobalSection(ProjectConfigurationPlatforms) = postSolution
		{08E64E7D-F877-457E-894E-A764461C3468}.Debug|Any CPU.ActiveCfg = Debug|Any CPU
		{08E64E7D-F877-457E-894E-A764461C3468}.Debug|Any CPU.Build.0 = Debug|Any CPU
		{08E64E7D-F877-457E-894E-A764461C3468}.Release|Any CPU.ActiveCfg = Release|Any CPU
		{08E64E7D-F877-457E-894E-A764461C3468}.Release|Any CPU.Build.0 = Release|Any CPU
		{A15C0C5F-3D70-4085-90C1-9EFB51FB4F6F}.Debug|Any CPU.ActiveCfg = Debug|Any CPU
		{A15C0C5F-3D70-4085-90C1-9EFB51FB4F6F}.Debug|Any CPU.Build.0 = Debug|Any CPU
		{A15C0C5F-3D70-4085-90C1-9EFB51FB4F6F}.Release|Any CPU.ActiveCfg = Release|Any CPU
		{A15C0C5F-3D70-4085-90C1-9EFB51FB4F6F}.Release|Any CPU.Build.0 = Release|Any CPU
		{12955D50-4A3F-4DE4-95C5-154DAB03AF01}.Debug|Any CPU.ActiveCfg = Debug|Any CPU
		{12955D50-4A3F-4DE4-95C5-154DAB03AF01}.Debug|Any CPU.Build.0 = Debug|Any CPU
		{12955D50-4A3F-4DE4-95C5-154DAB03AF01}.Release|Any CPU.ActiveCfg = Release|Any CPU
		{12955D50-4A3F-4DE4-95C5-154DAB03AF01}.Release|Any CPU.Build.0 = Release|Any CPU
	EndGlobalSection
	GlobalSection(SolutionProperties) = preSolution
		HideSolutionNode = FALSE
	EndGlobalSection
	GlobalSection(NestedProjects) = preSolution
		{CF2AE3C1-CD43-4C2F-A191-B31B154F50CB} = {2DA859CF-72A8-4B70-B437-4EDD2E2014E2}
		{08E64E7D-F877-457E-894E-A764461C3468} = {CF2AE3C1-CD43-4C2F-A191-B31B154F50CB}
		{7DBC0DE6-4615-445F-A537-056E68DAE712} = {2DA859CF-72A8-4B70-B437-4EDD2E2014E2}
		{A15C0C5F-3D70-4085-90C1-9EFB51FB4F6F} = {7DBC0DE6-4615-445F-A537-056E68DAE712}
	EndGlobalSection
	GlobalSection(ExtensibilityGlobals) = postSolution
		SolutionGuid = {19525D8F-872F-4917-9F8C-C52668F8FAB9}
	EndGlobalSection
EndGlobal
